
Microsoft Visual Studio Solution File, Format Version 12.00
# Visual Studio Version 16
VisualStudioVersion = 16.0.30114.105
MinimumVisualStudioVersion = 10.0.40219.1
Project("{2150E333-8FDC-42A3-9474-1A3956D46DE8}") = "src", "src", "{B69F35B0-AB32-4231-943A-F0D07C3D6162}"
EndProject
Project("{FAE04EC0-301F-11D3-BF4B-00C04F79EFBC}") = "TplStats.Core", "src\TplStats.Core\TplStats.Core.csproj", "{FCA95CBB-0766-49E9-8437-E9AAC649CF25}"
EndProject
Project("{FAE04EC0-301F-11D3-BF4B-00C04F79EFBC}") = "TplStats.Infrastructure.Database", "src\TplStats.Infrastructure.Database\TplStats.Infrastructure.Database.csproj", "{2AE9FB11-6B82-4AFC-BBDE-C621D2ED1B42}"
EndProject
Project("{FAE04EC0-301F-11D3-BF4B-00C04F79EFBC}") = "TplStats.Integrations.Zuluru", "src\TplStats.Integrations.Zuluru\TplStats.Integrations.Zuluru.csproj", "{63E2A7AC-736D-4D83-BDEE-595FCC2B8F34}"
EndProject
Project("{FAE04EC0-301F-11D3-BF4B-00C04F79EFBC}") = "TplStats.Web", "src\TplStats.Web\TplStats.Web.csproj", "{70F2A77C-4914-4B07-878C-291F2526D1F1}"
EndProject
Project("{2150E333-8FDC-42A3-9474-1A3956D46DE8}") = "test", "test", "{16A6B972-8794-475F-A415-BECB71D9073E}"
EndProject
Project("{FAE04EC0-301F-11D3-BF4B-00C04F79EFBC}") = "UnitTests", "test\UnitTests\UnitTests.csproj", "{546DBA60-E8C9-4FC4-B31C-A6B63C36E951}"
EndProject
Project("{FAE04EC0-301F-11D3-BF4B-00C04F79EFBC}") = "IntegrationTests", "test\IntegrationTests\IntegrationTests.csproj", "{F6ED2F1F-B724-4746-A168-91C669B90B2E}"
EndProject
Global
	GlobalSection(SolutionConfigurationPlatforms) = preSolution
		Debug|Any CPU = Debug|Any CPU
		Debug|x64 = Debug|x64
		Debug|x86 = Debug|x86
		Release|Any CPU = Release|Any CPU
		Release|x64 = Release|x64
		Release|x86 = Release|x86
	EndGlobalSection
	GlobalSection(SolutionProperties) = preSolution
		HideSolutionNode = FALSE
	EndGlobalSection
	GlobalSection(ProjectConfigurationPlatforms) = postSolution
		{FCA95CBB-0766-49E9-8437-E9AAC649CF25}.Debug|Any CPU.ActiveCfg = Debug|Any CPU
		{FCA95CBB-0766-49E9-8437-E9AAC649CF25}.Debug|Any CPU.Build.0 = Debug|Any CPU
		{FCA95CBB-0766-49E9-8437-E9AAC649CF25}.Debug|x64.ActiveCfg = Debug|Any CPU
		{FCA95CBB-0766-49E9-8437-E9AAC649CF25}.Debug|x64.Build.0 = Debug|Any CPU
		{FCA95CBB-0766-49E9-8437-E9AAC649CF25}.Debug|x86.ActiveCfg = Debug|Any CPU
		{FCA95CBB-0766-49E9-8437-E9AAC649CF25}.Debug|x86.Build.0 = Debug|Any CPU
		{FCA95CBB-0766-49E9-8437-E9AAC649CF25}.Release|Any CPU.ActiveCfg = Release|Any CPU
		{FCA95CBB-0766-49E9-8437-E9AAC649CF25}.Release|Any CPU.Build.0 = Release|Any CPU
		{FCA95CBB-0766-49E9-8437-E9AAC649CF25}.Release|x64.ActiveCfg = Release|Any CPU
		{FCA95CBB-0766-49E9-8437-E9AAC649CF25}.Release|x64.Build.0 = Release|Any CPU
		{FCA95CBB-0766-49E9-8437-E9AAC649CF25}.Release|x86.ActiveCfg = Release|Any CPU
		{FCA95CBB-0766-49E9-8437-E9AAC649CF25}.Release|x86.Build.0 = Release|Any CPU
		{2AE9FB11-6B82-4AFC-BBDE-C621D2ED1B42}.Debug|Any CPU.ActiveCfg = Debug|Any CPU
		{2AE9FB11-6B82-4AFC-BBDE-C621D2ED1B42}.Debug|Any CPU.Build.0 = Debug|Any CPU
		{2AE9FB11-6B82-4AFC-BBDE-C621D2ED1B42}.Debug|x64.ActiveCfg = Debug|Any CPU
		{2AE9FB11-6B82-4AFC-BBDE-C621D2ED1B42}.Debug|x64.Build.0 = Debug|Any CPU
		{2AE9FB11-6B82-4AFC-BBDE-C621D2ED1B42}.Debug|x86.ActiveCfg = Debug|Any CPU
		{2AE9FB11-6B82-4AFC-BBDE-C621D2ED1B42}.Debug|x86.Build.0 = Debug|Any CPU
		{2AE9FB11-6B82-4AFC-BBDE-C621D2ED1B42}.Release|Any CPU.ActiveCfg = Release|Any CPU
		{2AE9FB11-6B82-4AFC-BBDE-C621D2ED1B42}.Release|Any CPU.Build.0 = Release|Any CPU
		{2AE9FB11-6B82-4AFC-BBDE-C621D2ED1B42}.Release|x64.ActiveCfg = Release|Any CPU
		{2AE9FB11-6B82-4AFC-BBDE-C621D2ED1B42}.Release|x64.Build.0 = Release|Any CPU
		{2AE9FB11-6B82-4AFC-BBDE-C621D2ED1B42}.Release|x86.ActiveCfg = Release|Any CPU
		{2AE9FB11-6B82-4AFC-BBDE-C621D2ED1B42}.Release|x86.Build.0 = Release|Any CPU
		{63E2A7AC-736D-4D83-BDEE-595FCC2B8F34}.Debug|Any CPU.ActiveCfg = Debug|Any CPU
		{63E2A7AC-736D-4D83-BDEE-595FCC2B8F34}.Debug|Any CPU.Build.0 = Debug|Any CPU
		{63E2A7AC-736D-4D83-BDEE-595FCC2B8F34}.Debug|x64.ActiveCfg = Debug|Any CPU
		{63E2A7AC-736D-4D83-BDEE-595FCC2B8F34}.Debug|x64.Build.0 = Debug|Any CPU
		{63E2A7AC-736D-4D83-BDEE-595FCC2B8F34}.Debug|x86.ActiveCfg = Debug|Any CPU
		{63E2A7AC-736D-4D83-BDEE-595FCC2B8F34}.Debug|x86.Build.0 = Debug|Any CPU
		{63E2A7AC-736D-4D83-BDEE-595FCC2B8F34}.Release|Any CPU.ActiveCfg = Release|Any CPU
		{63E2A7AC-736D-4D83-BDEE-595FCC2B8F34}.Release|Any CPU.Build.0 = Release|Any CPU
		{63E2A7AC-736D-4D83-BDEE-595FCC2B8F34}.Release|x64.ActiveCfg = Release|Any CPU
		{63E2A7AC-736D-4D83-BDEE-595FCC2B8F34}.Release|x64.Build.0 = Release|Any CPU
		{63E2A7AC-736D-4D83-BDEE-595FCC2B8F34}.Release|x86.ActiveCfg = Release|Any CPU
		{63E2A7AC-736D-4D83-BDEE-595FCC2B8F34}.Release|x86.Build.0 = Release|Any CPU
		{70F2A77C-4914-4B07-878C-291F2526D1F1}.Debug|Any CPU.ActiveCfg = Debug|Any CPU
		{70F2A77C-4914-4B07-878C-291F2526D1F1}.Debug|Any CPU.Build.0 = Debug|Any CPU
		{70F2A77C-4914-4B07-878C-291F2526D1F1}.Debug|x64.ActiveCfg = Debug|Any CPU
		{70F2A77C-4914-4B07-878C-291F2526D1F1}.Debug|x64.Build.0 = Debug|Any CPU
		{70F2A77C-4914-4B07-878C-291F2526D1F1}.Debug|x86.ActiveCfg = Debug|Any CPU
		{70F2A77C-4914-4B07-878C-291F2526D1F1}.Debug|x86.Build.0 = Debug|Any CPU
		{70F2A77C-4914-4B07-878C-291F2526D1F1}.Release|Any CPU.ActiveCfg = Release|Any CPU
		{70F2A77C-4914-4B07-878C-291F2526D1F1}.Release|Any CPU.Build.0 = Release|Any CPU
		{70F2A77C-4914-4B07-878C-291F2526D1F1}.Release|x64.ActiveCfg = Release|Any CPU
		{70F2A77C-4914-4B07-878C-291F2526D1F1}.Release|x64.Build.0 = Release|Any CPU
		{70F2A77C-4914-4B07-878C-291F2526D1F1}.Release|x86.ActiveCfg = Release|Any CPU
		{70F2A77C-4914-4B07-878C-291F2526D1F1}.Release|x86.Build.0 = Release|Any CPU
		{546DBA60-E8C9-4FC4-B31C-A6B63C36E951}.Debug|Any CPU.ActiveCfg = Debug|Any CPU
		{546DBA60-E8C9-4FC4-B31C-A6B63C36E951}.Debug|Any CPU.Build.0 = Debug|Any CPU
		{546DBA60-E8C9-4FC4-B31C-A6B63C36E951}.Debug|x64.ActiveCfg = Debug|Any CPU
		{546DBA60-E8C9-4FC4-B31C-A6B63C36E951}.Debug|x64.Build.0 = Debug|Any CPU
		{546DBA60-E8C9-4FC4-B31C-A6B63C36E951}.Debug|x86.ActiveCfg = Debug|Any CPU
		{546DBA60-E8C9-4FC4-B31C-A6B63C36E951}.Debug|x86.Build.0 = Debug|Any CPU
		{546DBA60-E8C9-4FC4-B31C-A6B63C36E951}.Release|Any CPU.ActiveCfg = Release|Any CPU
		{546DBA60-E8C9-4FC4-B31C-A6B63C36E951}.Release|Any CPU.Build.0 = Release|Any CPU
		{546DBA60-E8C9-4FC4-B31C-A6B63C36E951}.Release|x64.ActiveCfg = Release|Any CPU
		{546DBA60-E8C9-4FC4-B31C-A6B63C36E951}.Release|x64.Build.0 = Release|Any CPU
		{546DBA60-E8C9-4FC4-B31C-A6B63C36E951}.Release|x86.ActiveCfg = Release|Any CPU
		{546DBA60-E8C9-4FC4-B31C-A6B63C36E951}.Release|x86.Build.0 = Release|Any CPU
		{F6ED2F1F-B724-4746-A168-91C669B90B2E}.Debug|Any CPU.ActiveCfg = Debug|Any CPU
		{F6ED2F1F-B724-4746-A168-91C669B90B2E}.Debug|Any CPU.Build.0 = Debug|Any CPU
		{F6ED2F1F-B724-4746-A168-91C669B90B2E}.Debug|x64.ActiveCfg = Debug|Any CPU
		{F6ED2F1F-B724-4746-A168-91C669B90B2E}.Debug|x64.Build.0 = Debug|Any CPU
		{F6ED2F1F-B724-4746-A168-91C669B90B2E}.Debug|x86.ActiveCfg = Debug|Any CPU
		{F6ED2F1F-B724-4746-A168-91C669B90B2E}.Debug|x86.Build.0 = Debug|Any CPU
		{F6ED2F1F-B724-4746-A168-91C669B90B2E}.Release|Any CPU.ActiveCfg = Release|Any CPU
		{F6ED2F1F-B724-4746-A168-91C669B90B2E}.Release|Any CPU.Build.0 = Release|Any CPU
		{F6ED2F1F-B724-4746-A168-91C669B90B2E}.Release|x64.ActiveCfg = Release|Any CPU
		{F6ED2F1F-B724-4746-A168-91C669B90B2E}.Release|x64.Build.0 = Release|Any CPU
		{F6ED2F1F-B724-4746-A168-91C669B90B2E}.Release|x86.ActiveCfg = Release|Any CPU
		{F6ED2F1F-B724-4746-A168-91C669B90B2E}.Release|x86.Build.0 = Release|Any CPU
	EndGlobalSection
	GlobalSection(NestedProjects) = preSolution
		{FCA95CBB-0766-49E9-8437-E9AAC649CF25} = {B69F35B0-AB32-4231-943A-F0D07C3D6162}
		{2AE9FB11-6B82-4AFC-BBDE-C621D2ED1B42} = {B69F35B0-AB32-4231-943A-F0D07C3D6162}
		{63E2A7AC-736D-4D83-BDEE-595FCC2B8F34} = {B69F35B0-AB32-4231-943A-F0D07C3D6162}
		{70F2A77C-4914-4B07-878C-291F2526D1F1} = {B69F35B0-AB32-4231-943A-F0D07C3D6162}
		{546DBA60-E8C9-4FC4-B31C-A6B63C36E951} = {16A6B972-8794-475F-A415-BECB71D9073E}
		{F6ED2F1F-B724-4746-A168-91C669B90B2E} = {16A6B972-8794-475F-A415-BECB71D9073E}
	EndGlobalSection
EndGlobal
